Microsoft Visual Studio Solution File, Format Version 12.00
# Visual Studio Version 17
VisualStudioVersion = 17.9.34607.119
MinimumVisualStudioVersion = 16.0.0.0
Project("{9A19103F-16F7-4668-BE54-9A1E7A4F7556}") = "music-manager-starter.Client", "Client\music-manager-starter.Client.csproj", "{F64790C9-F302-4415-AE4B-E2D507B26589}"
EndProject
Project("{9A19103F-16F7-4668-BE54-9A1E7A4F7556}") = "music-manager-starter.Shared", "Shared\music-manager-starter.Shared.csproj", "{8712C3C4-13F8-4094-9366-2BB35ADA17FB}"
EndProject
Project("{9A19103F-16F7-4668-BE54-9A1E7A4F7556}") = "music-manager-starter.Server", "Server\music-manager-starter.Server.csproj", "{C6E153B5-0D49-47DD-BBE5-24C2288CABFF}"
EndProject
Project("{9A19103F-16F7-4668-BE54-9A1E7A4F7556}") = "music-manager-start.Data", "Data\music-manager-start.Data.csproj", "{0E21AC99-BA66-45FB-A428-64F7AF30334F}"
EndProject
Project("{9A19103F-16F7-4668-BE54-9A1E7A4F7556}") = "music-manager-starter.Tests", "Tests\music-manager-starter.Tests.csproj", "{8B05EC16-D4F8-4875-9819-F8B94A0621D7}"
EndProject
Global
	GlobalSection(SolutionConfigurationPlatforms) = preSolution
		Debug|Any CPU = Debug|Any CPU
		Debug|x64 = Debug|x64
		Debug|x86 = Debug|x86
		Release|Any CPU = Release|Any CPU
		Release|x64 = Release|x64
		Release|x86 = Release|x86
	EndGlobalSection
	GlobalSection(ProjectConfigurationPlatforms) = postSolution
		{F64790C9-F302-4415-AE4B-E2D507B26589}.Debug|Any CPU.ActiveCfg = Debug|Any CPU
		{F64790C9-F302-4415-AE4B-E2D507B26589}.Debug|Any CPU.Build.0 = Debug|Any CPU
		{F64790C9-F302-4415-AE4B-E2D507B26589}.Debug|x64.ActiveCfg = Debug|Any CPU
		{F64790C9-F302-4415-AE4B-E2D507B26589}.Debug|x64.Build.0 = Debug|Any CPU
		{F64790C9-F302-4415-AE4B-E2D507B26589}.Debug|x86.ActiveCfg = Debug|Any CPU
		{F64790C9-F302-4415-AE4B-E2D507B26589}.Debug|x86.Build.0 = Debug|Any CPU
		{F64790C9-F302-4415-AE4B-E2D507B26589}.Release|Any CPU.ActiveCfg = Release|Any CPU
		{F64790C9-F302-4415-AE4B-E2D507B26589}.Release|Any CPU.Build.0 = Release|Any CPU
		{F64790C9-F302-4415-AE4B-E2D507B26589}.Release|x64.ActiveCfg = Release|Any CPU
		{F64790C9-F302-4415-AE4B-E2D507B26589}.Release|x64.Build.0 = Release|Any CPU
		{F64790C9-F302-4415-AE4B-E2D507B26589}.Release|x86.ActiveCfg = Release|Any CPU
		{F64790C9-F302-4415-AE4B-E2D507B26589}.Release|x86.Build.0 = Release|Any CPU
		{8712C3C4-13F8-4094-9366-2BB35ADA17FB}.Debug|Any CPU.ActiveCfg = Debug|Any CPU
		{8712C3C4-13F8-4094-9366-2BB35ADA17FB}.Debug|Any CPU.Build.0 = Debug|Any CPU
		{8712C3C4-13F8-4094-9366-2BB35ADA17FB}.Debug|x64.ActiveCfg = Debug|Any CPU
		{8712C3C4-13F8-4094-9366-2BB35ADA17FB}.Debug|x64.Build.0 = Debug|Any CPU
		{8712C3C4-13F8-4094-9366-2BB35ADA17FB}.Debug|x86.ActiveCfg = Debug|Any CPU
		{8712C3C4-13F8-4094-9366-2BB35ADA17FB}.Debug|x86.Build.0 = Debug|Any CPU
		{8712C3C4-13F8-4094-9366-2BB35ADA17FB}.Release|Any CPU.ActiveCfg = Release|Any CPU
		{8712C3C4-13F8-4094-9366-2BB35ADA17FB}.Release|Any CPU.Build.0 = Release|Any CPU
		{8712C3C4-13F8-4094-9366-2BB35ADA17FB}.Release|x64.ActiveCfg = Release|Any CPU
		{8712C3C4-13F8-4094-9366-2BB35ADA17FB}.Release|x64.Build.0 = Release|Any CPU
		{8712C3C4-13F8-4094-9366-2BB35ADA17FB}.Release|x86.ActiveCfg = Release|Any CPU
		{8712C3C4-13F8-4094-9366-2BB35ADA17FB}.Release|x86.Build.0 = Release|Any CPU
		{C6E153B5-0D49-47DD-BBE5-24C2288CABFF}.Debug|Any CPU.ActiveCfg = Debug|Any CPU
		{C6E153B5-0D49-47DD-BBE5-24C2288CABFF}.Debug|Any CPU.Build.0 = Debug|Any CPU
		{C6E153B5-0D49-47DD-BBE5-24C2288CABFF}.Debug|x64.ActiveCfg = Debug|Any CPU
		{C6E153B5-0D49-47DD-BBE5-24C2288CABFF}.Debug|x64.Build.0 = Debug|Any CPU
		{C6E153B5-0D49-47DD-BBE5-24C2288CABFF}.Debug|x86.ActiveCfg = Debug|Any CPU
		{C6E153B5-0D49-47DD-BBE5-24C2288CABFF}.Debug|x86.Build.0 = Debug|Any CPU
		{C6E153B5-0D49-47DD-BBE5-24C2288CABFF}.Release|Any CPU.ActiveCfg = Release|Any CPU
		{C6E153B5-0D49-47DD-BBE5-24C2288CABFF}.Release|Any CPU.Build.0 = Release|Any CPU
		{C6E153B5-0D49-47DD-BBE5-24C2288CABFF}.Release|x64.ActiveCfg = Release|Any CPU
		{C6E153B5-0D49-47DD-BBE5-24C2288CABFF}.Release|x64.Build.0 = Release|Any CPU
		{C6E153B5-0D49-47DD-BBE5-24C2288CABFF}.Release|x86.ActiveCfg = Release|Any CPU
		{C6E153B5-0D49-47DD-BBE5-24C2288CABFF}.Release|x86.Build.0 = Release|Any CPU
		{0E21AC99-BA66-45FB-A428-64F7AF30334F}.Debug|Any CPU.ActiveCfg = Debug|Any CPU
		{0E21AC99-BA66-45FB-A428-64F7AF30334F}.Debug|Any CPU.Build.0 = Debug|Any CPU
		{0E21AC99-BA66-45FB-A428-64F7AF30334F}.Debug|x64.ActiveCfg = Debug|Any CPU
		{0E21AC99-BA66-45FB-A428-64F7AF30334F}.Debug|x64.Build.0 = Debug|Any CPU
		{0E21AC99-BA66-45FB-A428-64F7AF30334F}.Debug|x86.ActiveCfg = Debug|Any CPU
		{0E21AC99-BA66-45FB-A428-64F7AF30334F}.Debug|x86.Build.0 = Debug|Any CPU
		{0E21AC99-BA66-45FB-A428-64F7AF30334F}.Release|Any CPU.ActiveCfg = Release|Any CPU
		{0E21AC99-BA66-45FB-A428-64F7AF30334F}.Release|Any CPU.Build.0 = Release|Any CPU
		{0E21AC99-BA66-45FB-A428-64F7AF30334F}.Release|x64.ActiveCfg = Release|Any CPU
		{0E21AC99-BA66-45FB-A428-64F7AF30334F}.Release|x64.Build.0 = Release|Any CPU
		{0E21AC99-BA66-45FB-A428-64F7AF30334F}.Release|x86.ActiveCfg = Release|Any CPU
		{0E21AC99-BA66-45FB-A428-64F7AF30334F}.Release|x86.Build.0 = Release|Any CPU
		{8B05EC16-D4F8-4875-9819-F8B94A0621D7}.Debug|Any CPU.ActiveCfg = Debug|Any CPU
		{8B05EC16-D4F8-4875-9819-F8B94A0621D7}.Debug|Any CPU.Build.0 = Debug|Any CPU
		{8B05EC16-D4F8-4875-9819-F8B94A0621D7}.Debug|x64.ActiveCfg = Debug|Any CPU
		{8B05EC16-D4F8-4875-9819-F8B94A0621D7}.Debug|x64.Build.0 = Debug|Any CPU
		{8B05EC16-D4F8-4875-9819-F8B94A0621D7}.Debug|x86.ActiveCfg = Debug|Any CPU
		{8B05EC16-D4F8-4875-9819-F8B94A0621D7}.Debug|x86.Build.0 = Debug|Any CPU
		{8B05EC16-D4F8-4875-9819-F8B94A0621D7}.Release|Any CPU.ActiveCfg = Release|Any CPU
		{8B05EC16-D4F8-4875-9819-F8B94A0621D7}.Release|Any CPU.Build.0 = Release|Any CPU
		{8B05EC16-D4F8-4875-9819-F8B94A0621D7}.Release|x64.ActiveCfg = Release|Any CPU
		{8B05EC16-D4F8-4875-9819-F8B94A0621D7}.Release|x64.Build.0 = Release|Any CPU
		{8B05EC16-D4F8-4875-9819-F8B94A0621D7}.Release|x86.ActiveCfg = Release|Any CPU
		{8B05EC16-D4F8-4875-9819-F8B94A0621D7}.Release|x86.Build.0 = Release|Any CPU
	EndGlobalSection
	GlobalSection(SolutionProperties) = preSolution
		HideSolutionNode = FALSE
	EndGlobalSection
	GlobalSection(ExtensibilityGlobals) = postSolution
		SolutionGuid = {93DD70B5-2EC7-45A6-A24D-0E30BA394789}
	EndGlobalSection
EndGlobal
